# This file is automatically @generated by Cargo.
# It is not intended for manual editing.
version = 4

[[package]]
name = "keel"
version = "0.1.0"

[[package]]
name = "keel-bench"
version = "0.1.0"

[[package]]
name = "keel-bindgen"
version = "0.1.0"

[[package]]
name = "keel-cli"
version = "0.1.0"

[[package]]
name = "keel-ffi"
version = "0.1.0"

[[package]]
name = "keel-macros"
version = "0.1.0"

[[package]]
name = "keel-meta"
version = "0.1.0"

[[package]]
name = "keel-ports"
version = "0.1.0"

[[package]]
name = "keel-query"
version = "0.1.0"

[[package]]
name = "keel-runtime"
version = "0.1.0"

[[package]]
name = "keel-signals"
version = "0.1.0"

[[package]]
name = "keel-transport"
version = "0.1.0"

[[package]]
name = "keel-wire"
version = "0.1.0"

[[package]]
name = "playground-core"
version = "0.1.0"
