// !$*UTF8*$!
{
	archiveVersion = 1;
	classes = {
	};
	objectVersion = 77;
	objects = {

/* Begin PBXBuildFile section */
		A0A0A0A0A0A0A0A000000001 /* PlaygroundCore in Frameworks */ = {isa = PBXBuildFile; productRef = A0A0A0A0A0A0A0A000000010 /* PlaygroundCore */; };
		A0A0A0A0A0A0A0A000000002 /* UndraRuntime in Frameworks */ = {isa = PBXBuildFile; productRef = A0A0A0A0A0A0A0A000000011 /* UndraRuntime */; };
		A0A0A0A0A0A0A0A000000003 /* PlaygroundCore.xcframework in Frameworks */ = {isa = PBXBuildFile; fileRef = A0A0A0A0A0A0A0A000000020 /* PlaygroundCore.xcframework */; };
/* End PBXBuildFile section */

/* Begin PBXContainerItemProxy section */
		A0A0A0A0A0A0A0A00000206 /* PBXContainerItemProxy */ = {
			isa = PBXContainerItemProxy;
			containerPortal = A0A0A0A0A0A0A0A000000100 /* Project object */;
			proxyType = 1;
			remoteGlobalIDString = A0A0A0A0A0A0A0A000000070;
			remoteInfo = PlaygroundApp;
		};
/* End PBXContainerItemProxy section */

/* Begin PBXFileReference section */
		A0A0A0A0A0A0A0A00000200 /* PlaygroundAppUITests.xctest */ = {isa = PBXFileReference; explicitFileType = wrapper.cfbundle; includeInIndex = 0; path = PlaygroundAppUITests.xctest; sourceTree = BUILT_PRODUCTS_DIR; };
		A0A0A0A0A0A0A0A000000020 /* PlaygroundCore.xcframework */ = {isa = PBXFileReference; lastKnownFileType = wrapper.xcframework; name = PlaygroundCore.xcframework; path = "../build/ios/PlaygroundCore.xcframework"; sourceTree = SOURCE_ROOT; };
		A0A0A0A0A0A0A0A000000021 /* Info.plist */ = {isa = PBXFileReference; lastKnownFileType = text.plist.xml; path = Info.plist; sourceTree = "<group>"; };
		A0A0A0A0A0A0A0A000000030 /* PlaygroundApp.app */ = {isa = PBXFileReference; explicitFileType = wrapper.application; includeInIndex = 0; path = "PlaygroundApp.app"; sourceTree = BUILT_PRODUCTS_DIR; };
/* End PBXFileReference section */

/* Begin PBXFileSystemSynchronizedRootGroup section */
		A0A0A0A0A0A0A0A00000201 /* PlaygroundAppUITests */ = {
			isa = PBXFileSystemSynchronizedRootGroup;
			path = PlaygroundAppUITests;
			sourceTree = "<group>";
		};
		A0A0A0A0A0A0A0A000000040 /* PlaygroundApp */ = {
			isa = PBXFileSystemSynchronizedRootGroup;
			path = "PlaygroundApp";
			sourceTree = "<group>";
		};
/* End PBXFileSystemSynchronizedRootGroup section */

/* Begin PBXFrameworksBuildPhase section */
		A0A0A0A0A0A0A0A00000202 /* Frameworks */ = {
			isa = PBXFrameworksBuildPhase;
			buildActionMask = 2147483647;
			files = (
			);
			runOnlyForDeploymentPostprocessing = 0;
		};
		A0A0A0A0A0A0A0A000000050 /* Frameworks */ = {
			isa = PBXFrameworksBuildPhase;
			buildActionMask = 2147483647;
			files = (
				A0A0A0A0A0A0A0A000000001 /* PlaygroundCore in Frameworks */,
				A0A0A0A0A0A0A0A000000002 /* UndraRuntime in Frameworks */,
				A0A0A0A0A0A0A0A000000003 /* PlaygroundCore.xcframework in Frameworks */,
			);
			runOnlyForDeploymentPostprocessing = 0;
		};
/* End PBXFrameworksBuildPhase section */

/* Begin PBXGroup section */
		A0A0A0A0A0A0A0A000000060 = {
			isa = PBXGroup;
			children = (
				A0A0A0A0A0A0A0A000000040 /* PlaygroundApp */,
				A0A0A0A0A0A0A0A00000201 /* PlaygroundAppUITests */,
				A0A0A0A0A0A0A0A000000061 /* Config */,
				A0A0A0A0A0A0A0A000000062 /* Frameworks */,
				A0A0A0A0A0A0A0A000000063 /* Products */,
			);
			sourceTree = "<group>";
		};
		A0A0A0A0A0A0A0A000000061 /* Config */ = {
			isa = PBXGroup;
			children = (
				A0A0A0A0A0A0A0A000000021 /* Info.plist */,
			);
			path = Config;
			sourceTree = "<group>";
		};
		A0A0A0A0A0A0A0A000000062 /* Frameworks */ = {
			isa = PBXGroup;
			children = (
				A0A0A0A0A0A0A0A000000020 /* PlaygroundCore.xcframework */,
			);
			name = Frameworks;
			sourceTree = "<group>";
		};
		A0A0A0A0A0A0A0A000000063 /* Products */ = {
			isa = PBXGroup;
			children = (
				A0A0A0A0A0A0A0A000000030 /* PlaygroundApp.app */,
				A0A0A0A0A0A0A0A00000200 /* PlaygroundAppUITests.xctest */,
			);
			name = Products;
			sourceTree = "<group>";
		};
/* End PBXGroup section */

/* Begin PBXNativeTarget section */
		A0A0A0A0A0A0A0A00000204 /* PlaygroundAppUITests */ = {
			isa = PBXNativeTarget;
			buildConfigurationList = A0A0A0A0A0A0A0A00000207 /* Build configuration list for PBXNativeTarget "PlaygroundAppUITests" */;
			buildPhases = (
				A0A0A0A0A0A0A0A00000203 /* Sources */,
				A0A0A0A0A0A0A0A00000202 /* Frameworks */,
			);
			buildRules = (
			);
			dependencies = (
				A0A0A0A0A0A0A0A00000205 /* PBXTargetDependency */,
			);
			fileSystemSynchronizedGroups = (
				A0A0A0A0A0A0A0A00000201 /* PlaygroundAppUITests */,
			);
			name = PlaygroundAppUITests;
			productName = PlaygroundAppUITests;
			productReference = A0A0A0A0A0A0A0A00000200 /* PlaygroundAppUITests.xctest */;
			productType = "com.apple.product-type.bundle.ui-testing";
		};
		A0A0A0A0A0A0A0A000000070 /* PlaygroundApp */ = {
			isa = PBXNativeTarget;
			buildConfigurationList = A0A0A0A0A0A0A0A000000080 /* Build configuration list for PBXNativeTarget "PlaygroundApp" */;
			buildPhases = (
				A0A0A0A0A0A0A0A000000090 /* Sources */,
				A0A0A0A0A0A0A0A000000050 /* Frameworks */,
				A0A0A0A0A0A0A0A000000091 /* Resources */,
			);
			buildRules = (
			);
			dependencies = (
			);
			fileSystemSynchronizedGroups = (
				A0A0A0A0A0A0A0A000000040 /* PlaygroundApp */,
			);
			name = "PlaygroundApp";
			packageProductDependencies = (
				A0A0A0A0A0A0A0A000000010 /* PlaygroundCore */,
				A0A0A0A0A0A0A0A000000011 /* UndraRuntime */,
			);
			productName = "PlaygroundApp";
			productReference = A0A0A0A0A0A0A0A000000030 /* PlaygroundApp.app */;
			productType = "com.apple.product-type.application";
		};
/* End PBXNativeTarget section */

/* Begin PBXProject section */
		A0A0A0A0A0A0A0A000000100 /* Project object */ = {
			isa = PBXProject;
			attributes = {
				BuildIndependentTargetsInParallel = 1;
				LastSwiftUpdateCheck = 1600;
				LastUpgradeCheck = 1600;
				TargetAttributes = {
					A0A0A0A0A0A0A0A000000070 = {
						CreatedOnToolsVersion = 16.0;
					};
					A0A0A0A0A0A0A0A00000204 = {
						CreatedOnToolsVersion = 16.0;
						TestTargetID = A0A0A0A0A0A0A0A000000070;
					};
				};
			};
			buildConfigurationList = A0A0A0A0A0A0A0A000000110 /* Build configuration list for PBXProject "PlaygroundApp" */;
			developmentRegion = en;
			hasScannedForEncodings = 0;
			knownRegions = (
				en,
				Base,
			);
			mainGroup = A0A0A0A0A0A0A0A000000060;
			minimizedProjectReferenceProxies = 1;
			packageReferences = (
				A0A0A0A0A0A0A0A000000120 /* generated Swift package */,
				A0A0A0A0A0A0A0A000000121 /* UndraRuntime package */,
			);
			preferredProjectObjectVersion = 77;
			productRefGroup = A0A0A0A0A0A0A0A000000063 /* Products */;
			projectDirPath = "";
			projectRoot = "";
			targets = (
				A0A0A0A0A0A0A0A000000070 /* PlaygroundApp */,
				A0A0A0A0A0A0A0A00000204 /* PlaygroundAppUITests */,
			);
		};
/* End PBXProject section */

/* Begin PBXResourcesBuildPhase section */
		A0A0A0A0A0A0A0A000000091 /* Resources */ = {
			isa = PBXResourcesBuildPhase;
			buildActionMask = 2147483647;
			files = (
			);
			runOnlyForDeploymentPostprocessing = 0;
		};
/* End PBXResourcesBuildPhase section */

/* Begin PBXSourcesBuildPhase section */
		A0A0A0A0A0A0A0A00000203 /* Sources */ = {
			isa = PBXSourcesBuildPhase;
			buildActionMask = 2147483647;
			files = (
			);
			runOnlyForDeploymentPostprocessing = 0;
		};
		A0A0A0A0A0A0A0A000000090 /* Sources */ = {
			isa = PBXSourcesBuildPhase;
			buildActionMask = 2147483647;
			files = (
			);
			runOnlyForDeploymentPostprocessing = 0;
		};
/* End PBXSourcesBuildPhase section */

/* Begin PBXTargetDependency section */
		A0A0A0A0A0A0A0A00000205 /* PBXTargetDependency */ = {
			isa = PBXTargetDependency;
			target = A0A0A0A0A0A0A0A000000070 /* PlaygroundApp */;
			targetProxy = A0A0A0A0A0A0A0A00000206 /* PBXContainerItemProxy */;
		};
/* End PBXTargetDependency section */

/* Begin XCBuildConfiguration section */
		A0A0A0A0A0A0A0A000000130 /* Debug */ = {
			isa = XCBuildConfiguration;
			buildSettings = {
				ALWAYS_SEARCH_USER_PATHS = NO;
				CLANG_ENABLE_MODULES = YES;
				CLANG_ENABLE_OBJC_ARC = YES;
				COPY_PHASE_STRIP = NO;
				DEBUG_INFORMATION_FORMAT = dwarf;
				ENABLE_STRICT_OBJC_MSGSEND = YES;
				ENABLE_TESTABILITY = YES;
				GCC_OPTIMIZATION_LEVEL = 0;
				GCC_PREPROCESSOR_DEFINITIONS = (
					"DEBUG=1",
					"$(inherited)",
				);
				IPHONEOS_DEPLOYMENT_TARGET = 17.0;
				MTL_ENABLE_DEBUG_INFO = INCLUDE_SOURCE;
				ONLY_ACTIVE_ARCH = YES;
				SDKROOT = iphoneos;
				SWIFT_ACTIVE_COMPILATION_CONDITIONS = "DEBUG $(inherited)";
				SWIFT_OPTIMIZATION_LEVEL = "-Onone";
			};
			name = Debug;
		};
		A0A0A0A0A0A0A0A000000131 /* Release */ = {
			isa = XCBuildConfiguration;
			buildSettings = {
				ALWAYS_SEARCH_USER_PATHS = NO;
				CLANG_ENABLE_MODULES = YES;
				CLANG_ENABLE_OBJC_ARC = YES;
				COPY_PHASE_STRIP = NO;
				DEBUG_INFORMATION_FORMAT = "dwarf-with-dsym";
				ENABLE_NS_ASSERTIONS = NO;
				ENABLE_STRICT_OBJC_MSGSEND = YES;
				IPHONEOS_DEPLOYMENT_TARGET = 17.0;
				MTL_ENABLE_DEBUG_INFO = NO;
				SDKROOT = iphoneos;
				SWIFT_COMPILATION_MODE = wholemodule;
				VALIDATE_PRODUCT = YES;
			};
			name = Release;
		};
		A0A0A0A0A0A0A0A000000132 /* Debug */ = {
			isa = XCBuildConfiguration;
			buildSettings = {
				CODE_SIGN_STYLE = Automatic;
				CURRENT_PROJECT_VERSION = 1;
				GENERATE_INFOPLIST_FILE = YES;
				INFOPLIST_FILE = Config/Info.plist;
				INFOPLIST_KEY_CFBundleDisplayName = "Playground";
				INFOPLIST_KEY_UIApplicationSceneManifest_Generation = YES;
				INFOPLIST_KEY_UIApplicationSupportsIndirectInputEvents = YES;
				INFOPLIST_KEY_UILaunchScreen_Generation = YES;
				INFOPLIST_KEY_UISupportedInterfaceOrientations_iPad = "UIInterfaceOrientationPortrait UIInterfaceOrientationPortraitUpsideDown UIInterfaceOrientationLandscapeLeft UIInterfaceOrientationLandscapeRight";
				INFOPLIST_KEY_UISupportedInterfaceOrientations_iPhone = "UIInterfaceOrientationPortrait UIInterfaceOrientationLandscapeLeft UIInterfaceOrientationLandscapeRight";
				LD_RUNPATH_SEARCH_PATHS = (
					"$(inherited)",
					"@executable_path/Frameworks",
				);
				MARKETING_VERSION = 1.0;
				PRODUCT_BUNDLE_IDENTIFIER = "dev.undra.playground";
				PRODUCT_NAME = "$(TARGET_NAME)";
				SWIFT_EMIT_LOC_STRINGS = YES;
				SWIFT_VERSION = 6.0;
				TARGETED_DEVICE_FAMILY = "1,2";
				"EXCLUDED_ARCHS[sdk=iphonesimulator*]" = x86_64;
			};
			name = Debug;
		};
		A0A0A0A0A0A0A0A000000133 /* Release */ = {
			isa = XCBuildConfiguration;
			buildSettings = {
				CODE_SIGN_STYLE = Automatic;
				CURRENT_PROJECT_VERSION = 1;
				GENERATE_INFOPLIST_FILE = YES;
				INFOPLIST_FILE = Config/Info.plist;
				INFOPLIST_KEY_CFBundleDisplayName = "Playground";
				INFOPLIST_KEY_UIApplicationSceneManifest_Generation = YES;
				INFOPLIST_KEY_UIApplicationSupportsIndirectInputEvents = YES;
				INFOPLIST_KEY_UILaunchScreen_Generation = YES;
				INFOPLIST_KEY_UISupportedInterfaceOrientations_iPad = "UIInterfaceOrientationPortrait UIInterfaceOrientationPortraitUpsideDown UIInterfaceOrientationLandscapeLeft UIInterfaceOrientationLandscapeRight";
				INFOPLIST_KEY_UISupportedInterfaceOrientations_iPhone = "UIInterfaceOrientationPortrait UIInterfaceOrientationLandscapeLeft UIInterfaceOrientationLandscapeRight";
				LD_RUNPATH_SEARCH_PATHS = (
					"$(inherited)",
					"@executable_path/Frameworks",
				);
				MARKETING_VERSION = 1.0;
				PRODUCT_BUNDLE_IDENTIFIER = "dev.undra.playground";
				PRODUCT_NAME = "$(TARGET_NAME)";
				SWIFT_EMIT_LOC_STRINGS = YES;
				SWIFT_VERSION = 6.0;
				TARGETED_DEVICE_FAMILY = "1,2";
				"EXCLUDED_ARCHS[sdk=iphonesimulator*]" = x86_64;
			};
			name = Release;
		};
		A0A0A0A0A0A0A0A00000208 /* Debug */ = {
			isa = XCBuildConfiguration;
			buildSettings = {
				CODE_SIGN_STYLE = Automatic;
				CURRENT_PROJECT_VERSION = 1;
				GENERATE_INFOPLIST_FILE = YES;
				MARKETING_VERSION = 1.0;
				PRODUCT_BUNDLE_IDENTIFIER = "dev.undra.playground.uitests";
				PRODUCT_NAME = "$(TARGET_NAME)";
				SWIFT_EMIT_LOC_STRINGS = NO;
				SWIFT_VERSION = 6.0;
				TARGETED_DEVICE_FAMILY = "1,2";
				TEST_TARGET_NAME = PlaygroundApp;
			};
			name = Debug;
		};
		A0A0A0A0A0A0A0A00000209 /* Release */ = {
			isa = XCBuildConfiguration;
			buildSettings = {
				CODE_SIGN_STYLE = Automatic;
				CURRENT_PROJECT_VERSION = 1;
				GENERATE_INFOPLIST_FILE = YES;
				MARKETING_VERSION = 1.0;
				PRODUCT_BUNDLE_IDENTIFIER = "dev.undra.playground.uitests";
				PRODUCT_NAME = "$(TARGET_NAME)";
				SWIFT_EMIT_LOC_STRINGS = NO;
				SWIFT_VERSION = 6.0;
				TARGETED_DEVICE_FAMILY = "1,2";
				TEST_TARGET_NAME = PlaygroundApp;
			};
			name = Release;
		};
/* End XCBuildConfiguration section */

/* Begin XCConfigurationList section */
		A0A0A0A0A0A0A0A000000110 /* Build configuration list for PBXProject "PlaygroundApp" */ = {
			isa = XCConfigurationList;
			buildConfigurations = (
				A0A0A0A0A0A0A0A000000130 /* Debug */,
				A0A0A0A0A0A0A0A000000131 /* Release */,
			);
			defaultConfigurationIsVisible = 0;
			defaultConfigurationName = Release;
		};
		A0A0A0A0A0A0A0A000000080 /* Build configuration list for PBXNativeTarget "PlaygroundApp" */ = {
			isa = XCConfigurationList;
			buildConfigurations = (
				A0A0A0A0A0A0A0A000000132 /* Debug */,
				A0A0A0A0A0A0A0A000000133 /* Release */,
			);
			defaultConfigurationIsVisible = 0;
			defaultConfigurationName = Release;
		};
		A0A0A0A0A0A0A0A00000207 /* Build configuration list for PBXNativeTarget "PlaygroundAppUITests" */ = {
			isa = XCConfigurationList;
			buildConfigurations = (
				A0A0A0A0A0A0A0A00000208 /* Debug */,
				A0A0A0A0A0A0A0A00000209 /* Release */,
			);
			defaultConfigurationIsVisible = 0;
			defaultConfigurationName = Release;
		};
/* End XCConfigurationList section */

/* Begin XCLocalSwiftPackageReference section */
		A0A0A0A0A0A0A0A000000120 /* generated Swift package */ = {
			isa = XCLocalSwiftPackageReference;
			relativePath = "../generated/swift";
		};
		A0A0A0A0A0A0A0A000000121 /* UndraRuntime package */ = {
			isa = XCLocalSwiftPackageReference;
			relativePath = "../../../runtimes/swift/UndraRuntime";
		};
/* End XCLocalSwiftPackageReference section */

/* Begin XCSwiftPackageProductDependency section */
		A0A0A0A0A0A0A0A000000010 /* PlaygroundCore */ = {
			isa = XCSwiftPackageProductDependency;
			package = A0A0A0A0A0A0A0A000000120 /* generated Swift package */;
			productName = "PlaygroundCore";
		};
		A0A0A0A0A0A0A0A000000011 /* UndraRuntime */ = {
			isa = XCSwiftPackageProductDependency;
			package = A0A0A0A0A0A0A0A000000121 /* UndraRuntime package */;
			productName = UndraRuntime;
		};
/* End XCSwiftPackageProductDependency section */
	};
	rootObject = A0A0A0A0A0A0A0A000000100 /* Project object */;
}
